// !$*UTF8*$!
{
	archiveVersion = 1;
	classes = {
	};
	objectVersion = 77;
	objects = {

/* Begin PBXBuildFile section */
		152CB5F12D263A8C000089AC /* AudioKit in Frameworks */ = {isa = PBXBuildFile; productRef = 152CB5F02D263A8C000089AC /* AudioKit */; };
		152CB5F42D26407D000089AC /* SoundpipeAudioKit in Frameworks */ = {isa = PBXBuildFile; productRef = 152CB5F32D26407D000089AC /* SoundpipeAudioKit */; };
/* End PBXBuildFile section */

/* Begin PBXContainerItemProxy section */
		15F6C1962D1B97C500CDE701 /* PBXContainerItemProxy */ = {
			isa = PBXContainerItemProxy;
			containerPortal = 15F6C17D2D1B97C200CDE701 /* Project object */;
			proxyType = 1;
			remoteGlobalIDString = 15F6C1842D1B97C300CDE701;
			remoteInfo = "Tala Shruti";
		};
		15F6C1A02D1B97C500CDE701 /* PBXContainerItemProxy */ = {
			isa = PBXContainerItemProxy;
			containerPortal = 15F6C17D2D1B97C200CDE701 /* Project object */;
			proxyType = 1;
			remoteGlobalIDString = 15F6C1842D1B97C300CDE701;
			remoteInfo = "Tala Shruti";
		};
/* End PBXContainerItemProxy section */

/* Begin PBXFileReference section */
		15F6C1852D1B97C300CDE701 /* Tala Shruti.app */ = {isa = PBXFileReference; explicitFileType = wrapper.application; includeInIndex = 0; path = "Tala Shruti.app"; sourceTree = BUILT_PRODUCTS_DIR; };
		15F6C1952D1B97C500CDE701 /* Tala ShrutiTests.xctest */ = {isa = PBXFileReference; explicitFileType = wrapper.cfbundle; includeInIndex = 0; path = "Tala ShrutiTests.xctest"; sourceTree = BUILT_PRODUCTS_DIR; };
		15F6C19F2D1B97C500CDE701 /* Tala ShrutiUITests.xctest */ = {isa = PBXFileReference; explicitFileType = wrapper.cfbundle; includeInIndex = 0; path = "Tala ShrutiUITests.xctest"; sourceTree = BUILT_PRODUCTS_DIR; };
/* End PBXFileReference section */

/* Begin PBXFileSystemSynchronizedRootGroup section */
		15F6C1872D1B97C300CDE701 /* Tala Shruti */ = {
			isa = PBXFileSystemSynchronizedRootGroup;
			path = "Tala Shruti";
			sourceTree = "<group>";
		};
		15F6C1982D1B97C500CDE701 /* Tala ShrutiTests */ = {
			isa = PBXFileSystemSynchronizedRootGroup;
			path = "Tala ShrutiTests";
			sourceTree = "<group>";
		};
		15F6C1A22D1B97C500CDE701 /* Tala ShrutiUITests */ = {
			isa = PBXFileSystemSynchronizedRootGroup;
			path = "Tala ShrutiUITests";
			sourceTree = "<group>";
		};
/* End PBXFileSystemSynchronizedRootGroup section */

/* Begin PBXFrameworksBuildPhase section */
		15F6C1822D1B97C300CDE701 /* Frameworks */ = {
			isa = PBXFrameworksBuildPhase;
			buildActionMask = 2147483647;
			files = (
				152CB5F42D26407D000089AC /* SoundpipeAudioKit in Frameworks */,
				152CB5F12D263A8C000089AC /* AudioKit in Frameworks */,
			);
			runOnlyForDeploymentPostprocessing = 0;
		};
		15F6C1922D1B97C500CDE701 /* Frameworks */ = {
			isa = PBXFrameworksBuildPhase;
			buildActionMask = 2147483647;
			files = (
			);
			runOnlyForDeploymentPostprocessing = 0;
		};
		15F6C19C2D1B97C500CDE701 /* Frameworks */ = {
			isa = PBXFrameworksBuildPhase;
			buildActionMask = 2147483647;
			files = (
			);
			runOnlyForDeploymentPostprocessing = 0;
		};
/* End PBXFrameworksBuildPhase section */

/* Begin PBXGroup section */
		15F6C17C2D1B97C200CDE701 = {
			isa = PBXGroup;
			children = (
				15F6C1872D1B97C300CDE701 /* Tala Shruti */,
				15F6C1982D1B97C500CDE701 /* Tala ShrutiTests */,
				15F6C1A22D1B97C500CDE701 /* Tala ShrutiUITests */,
				15F6C1862D1B97C300CDE701 /* Products */,
			);
			sourceTree = "<group>";
		};
		15F6C1862D1B97C300CDE701 /* Products */ = {
			isa = PBXGroup;
			children = (
				15F6C1852D1B97C300CDE701 /* Tala Shruti.app */,
				15F6C1952D1B97C500CDE701 /* Tala ShrutiTests.xctest */,
				15F6C19F2D1B97C500CDE701 /* Tala ShrutiUITests.xctest */,
			);
			name = Products;
			sourceTree = "<group>";
		};
/* End PBXGroup section */

/* Begin PBXNativeTarget section */
		15F6C1842D1B97C300CDE701 /* Tala Shruti */ = {
			isa = PBXNativeTarget;
			buildConfigurationList = 15F6C1A92D1B97C500CDE701 /* Build configuration list for PBXNativeTarget "Tala Shruti" */;
			buildPhases = (
				15F6C1812D1B97C300CDE701 /* Sources */,
				15F6C1822D1B97C300CDE701 /* Frameworks */,
				15F6C1832D1B97C300CDE701 /* Resources */,
			);
			buildRules = (
			);
			dependencies = (
			);
			fileSystemSynchronizedGroups = (
				15F6C1872D1B97C300CDE701 /* Tala Shruti */,
			);
			name = "Tala Shruti";
			packageProductDependencies = (
				152CB5F02D263A8C000089AC /* AudioKit */,
				152CB5F32D26407D000089AC /* SoundpipeAudioKit */,
			);
			productName = "Tala Shruti";
			productReference = 15F6C1852D1B97C300CDE701 /* Tala Shruti.app */;
			productType = "com.apple.product-type.application";
		};
		15F6C1942D1B97C500CDE701 /* Tala ShrutiTests */ = {
			isa = PBXNativeTarget;
			buildConfigurationList = 15F6C1AC2D1B97C500CDE701 /* Build configuration list for PBXNativeTarget "Tala ShrutiTests" */;
			buildPhases = (
				15F6C1912D1B97C500CDE701 /* Sources */,
				15F6C1922D1B97C500CDE701 /* Frameworks */,
				15F6C1932D1B97C500CDE701 /* Resources */,
			);
			buildRules = (
			);
			dependencies = (
				15F6C1972D1B97C500CDE701 /* PBXTargetDependency */,
			);
			fileSystemSynchronizedGroups = (
				15F6C1982D1B97C500CDE701 /* Tala ShrutiTests */,
			);
			name = "Tala ShrutiTests";
			packageProductDependencies = (
			);
			productName = "Tala ShrutiTests";
			productReference = 15F6C1952D1B97C500CDE701 /* Tala ShrutiTests.xctest */;
			productType = "com.apple.product-type.bundle.unit-test";
		};
		15F6C19E2D1B97C500CDE701 /* Tala ShrutiUITests */ = {
			isa = PBXNativeTarget;
			buildConfigurationList = 15F6C1AF2D1B97C500CDE701 /* Build configuration list for PBXNativeTarget "Tala ShrutiUITests" */;
			buildPhases = (
				15F6C19B2D1B97C500CDE701 /* Sources */,
				15F6C19C2D1B97C500CDE701 /* Frameworks */,
				15F6C19D2D1B97C500CDE701 /* Resources */,
			);
			buildRules = (
			);
			dependencies = (
				15F6C1A12D1B97C500CDE701 /* PBXTargetDependency */,
			);
			fileSystemSynchronizedGroups = (
				15F6C1A22D1B97C500CDE701 /* Tala ShrutiUITests */,
			);
			name = "Tala ShrutiUITests";
			packageProductDependencies = (
			);
			productName = "Tala ShrutiUITests";
			productReference = 15F6C19F2D1B97C500CDE701 /* Tala ShrutiUITests.xctest */;
			productType = "com.apple.product-type.bundle.ui-testing";
		};
/* End PBXNativeTarget section */

/* Begin PBXProject section */
		15F6C17D2D1B97C200CDE701 /* Project object */ = {
			isa = PBXProject;
			attributes = {
				BuildIndependentTargetsInParallel = 1;
				LastSwiftUpdateCheck = 1620;
				LastUpgradeCheck = 1620;
				TargetAttributes = {
					15F6C1842D1B97C300CDE701 = {
						CreatedOnToolsVersion = 16.2;
					};
					15F6C1942D1B97C500CDE701 = {
						CreatedOnToolsVersion = 16.2;
						TestTargetID = 15F6C1842D1B97C300CDE701;
					};
					15F6C19E2D1B97C500CDE701 = {
						CreatedOnToolsVersion = 16.2;
						TestTargetID = 15F6C1842D1B97C300CDE701;
					};
				};
			};
			buildConfigurationList = 15F6C1802D1B97C300CDE701 /* Build configuration list for PBXProject "Tala Shruti" */;
			developmentRegion = en;
			hasScannedForEncodings = 0;
			knownRegions = (
				en,
				Base,
			);
			mainGroup = 15F6C17C2D1B97C200CDE701;
			minimizedProjectReferenceProxies = 1;
			packageReferences = (
				152CB5EF2D263A8C000089AC /* XCRemoteSwiftPackageReference "AudioKit" */,
				152CB5F22D26407D000089AC /* XCRemoteSwiftPackageReference "SoundpipeAudioKit" */,
			);
			preferredProjectObjectVersion = 77;
			productRefGroup = 15F6C1862D1B97C300CDE701 /* Products */;
			projectDirPath = "";
			projectRoot = "";
			targets = (
				15F6C1842D1B97C300CDE701 /* Tala Shruti */,
				15F6C1942D1B97C500CDE701 /* Tala ShrutiTests */,
				15F6C19E2D1B97C500CDE701 /* Tala ShrutiUITests */,
			);
		};
/* End PBXProject section */

/* Begin PBXResourcesBuildPhase section */
		15F6C1832D1B97C300CDE701 /* Resources */ = {
			isa = PBXResourcesBuildPhase;
			buildActionMask = 2147483647;
			files = (
			);
			runOnlyForDeploymentPostprocessing = 0;
		};
		15F6C1932D1B97C500CDE701 /* Resources */ = {
			isa = PBXResourcesBuildPhase;
			buildActionMask = 2147483647;
			files = (
			);
			runOnlyForDeploymentPostprocessing = 0;
		};
		15F6C19D2D1B97C500CDE701 /* Resources */ = {
			isa = PBXResourcesBuildPhase;
			buildActionMask = 2147483647;
			files = (
			);
			runOnlyForDeploymentPostprocessing = 0;
		};
/* End PBXResourcesBuildPhase section */

/* Begin PBXSourcesBuildPhase section */
		15F6C1812D1B97C300CDE701 /* Sources */ = {
			isa = PBXSourcesBuildPhase;
			buildActionMask = 2147483647;
			files = (
			);
			runOnlyForDeploymentPostprocessing = 0;
		};
		15F6C1912D1B97C500CDE701 /* Sources */ = {
			isa = PBXSourcesBuildPhase;
			buildActionMask = 2147483647;
			files = (
			);
			runOnlyForDeploymentPostprocessing = 0;
		};
		15F6C19B2D1B97C500CDE701 /* Sources */ = {
			isa = PBXSourcesBuildPhase;
			buildActionMask = 2147483647;
			files = (
			);
			runOnlyForDeploymentPostprocessing = 0;
		};
/* End PBXSourcesBuildPhase section */

/* Begin PBXTargetDependency section */
		15F6C1972D1B97C500CDE701 /* PBXTargetDependency */ = {
			isa = PBXTargetDependency;
			target = 15F6C1842D1B97C300CDE701 /* Tala Shruti */;
			targetProxy = 15F6C1962D1B97C500CDE701 /* PBXContainerItemProxy */;
		};
		15F6C1A12D1B97C500CDE701 /* PBXTargetDependency */ = {
			isa = PBXTargetDependency;
			target = 15F6C1842D1B97C300CDE701 /* Tala Shruti */;
			targetProxy = 15F6C1A02D1B97C500CDE701 /* PBXContainerItemProxy */;
		};
/* End PBXTargetDependency section */

/* Begin XCBuildConfiguration section */
		15F6C1A72D1B97C500CDE701 /* Debug */ = {
			isa = XCBuildConfiguration;
			buildSettings = {
				ALWAYS_SEARCH_USER_PATHS = NO;
				ASSETCATALOG_COMPILER_GENERATE_SWIFT_ASSET_SYMBOL_EXTENSIONS = YES;
				CLANG_ANALYZER_NONNULL = YES;
				CLANG_ANALYZER_NUMBER_OBJECT_CONVERSION = YES_AGGRESSIVE;
				CLANG_CXX_LANGUAGE_STANDARD = "gnu++20";
				CLANG_ENABLE_MODULES = YES;
				CLANG_ENABLE_OBJC_ARC = YES;
				CLANG_ENABLE_OBJC_WEAK = YES;
				CLANG_WARN_BLOCK_CAPTURE_AUTORELEASING = YES;
				CLANG_WARN_BOOL_CONVERSION = YES;
				CLANG_WARN_COMMA = YES;
				CLANG_WARN_CONSTANT_CONVERSION = YES;
				CLANG_WARN_DEPRECATED_OBJC_IMPLEMENTATIONS = YES;
				CLANG_WARN_DIRECT_OBJC_ISA_USAGE = YES_ERROR;
				CLANG_WARN_DOCUMENTATION_COMMENTS = YES;
				CLANG_WARN_EMPTY_BODY = YES;
				CLANG_WARN_ENUM_CONVERSION = YES;
				CLANG_WARN_INFINITE_RECURSION = YES;
				CLANG_WARN_INT_CONVERSION = YES;
				CLANG_WARN_NON_LITERAL_NULL_CONVERSION = YES;
				CLANG_WARN_OBJC_IMPLICIT_RETAIN_SELF = YES;
				CLANG_WARN_OBJC_LITERAL_CONVERSION = YES;
				CLANG_WARN_OBJC_ROOT_CLASS = YES_ERROR;
				CLANG_WARN_QUOTED_INCLUDE_IN_FRAMEWORK_HEADER = YES;
				CLANG_WARN_RANGE_LOOP_ANALYSIS = YES;
				CLANG_WARN_STRICT_PROTOTYPES = YES;
				CLANG_WARN_SUSPICIOUS_MOVE = YES;
				CLANG_WARN_UNGUARDED_AVAILABILITY = YES_AGGRESSIVE;
				CLANG_WARN_UNREACHABLE_CODE = YES;
				CLANG_WARN__DUPLICATE_METHOD_MATCH = YES;
				COPY_PHASE_STRIP = NO;
				DEBUG_INFORMATION_FORMAT = dwarf;
				ENABLE_STRICT_OBJC_MSGSEND = YES;
				ENABLE_TESTABILITY = YES;
				ENABLE_USER_SCRIPT_SANDBOXING = YES;
				GCC_C_LANGUAGE_STANDARD = gnu17;
				GCC_DYNAMIC_NO_PIC = NO;
				GCC_NO_COMMON_BLOCKS = YES;
				GCC_OPTIMIZATION_LEVEL = 0;
				GCC_PREPROCESSOR_DEFINITIONS = (
					"DEBUG=1",
					"$(inherited)",
				);
				GCC_WARN_64_TO_32_BIT_CONVERSION = YES;
				GCC_WARN_ABOUT_RETURN_TYPE = YES_ERROR;
				GCC_WARN_UNDECLARED_SELECTOR = YES;
				GCC_WARN_UNINITIALIZED_AUTOS = YES_AGGRESSIVE;
				GCC_WARN_UNUSED_FUNCTION = YES;
				GCC_WARN_UNUSED_VARIABLE = YES;
				IPHONEOS_DEPLOYMENT_TARGET = 18.2;
				LOCALIZATION_PREFERS_STRING_CATALOGS = YES;
				MTL_ENABLE_DEBUG_INFO = INCLUDE_SOURCE;
				MTL_FAST_MATH = YES;
				ONLY_ACTIVE_ARCH = YES;
				SDKROOT = iphoneos;
				SWIFT_ACTIVE_COMPILATION_CONDITIONS = "DEBUG $(inherited)";
				SWIFT_OPTIMIZATION_LEVEL = "-Onone";
			};
			name = Debug;
		};
		15F6C1A82D1B97C500CDE701 /* Release */ = {
			isa = XCBuildConfiguration;
			buildSettings = {
				ALWAYS_SEARCH_USER_PATHS = NO;
				ASSETCATALOG_COMPILER_GENERATE_SWIFT_ASSET_SYMBOL_EXTENSIONS = YES;
				CLANG_ANALYZER_NONNULL = YES;
				CLANG_ANALYZER_NUMBER_OBJECT_CONVERSION = YES_AGGRESSIVE;
				CLANG_CXX_LANGUAGE_STANDARD = "gnu++20";
				CLANG_ENABLE_MODULES = YES;
				CLANG_ENABLE_OBJC_ARC = YES;
				CLANG_ENABLE_OBJC_WEAK = YES;
				CLANG_WARN_BLOCK_CAPTURE_AUTORELEASING = YES;
				CLANG_WARN_BOOL_CONVERSION = YES;
				CLANG_WARN_COMMA = YES;
				CLANG_WARN_CONSTANT_CONVERSION = YES;
				CLANG_WARN_DEPRECATED_OBJC_IMPLEMENTATIONS = YES;
				CLANG_WARN_DIRECT_OBJC_ISA_USAGE = YES_ERROR;
				CLANG_WARN_DOCUMENTATION_COMMENTS = YES;
				CLANG_WARN_EMPTY_BODY = YES;
				CLANG_WARN_ENUM_CONVERSION = YES;
				CLANG_WARN_INFINITE_RECURSION = YES;
				CLANG_WARN_INT_CONVERSION = YES;
				CLANG_WARN_NON_LITERAL_NULL_CONVERSION = YES;
				CLANG_WARN_OBJC_IMPLICIT_RETAIN_SELF = YES;
				CLANG_WARN_OBJC_LITERAL_CONVERSION = YES;
				CLANG_WARN_OBJC_ROOT_CLASS = YES_ERROR;
				CLANG_WARN_QUOTED_INCLUDE_IN_FRAMEWORK_HEADER = YES;
				CLANG_WARN_RANGE_LOOP_ANALYSIS = YES;
				CLANG_WARN_STRICT_PROTOTYPES = YES;
				CLANG_WARN_SUSPICIOUS_MOVE = YES;
				CLANG_WARN_UNGUARDED_AVAILABILITY = YES_AGGRESSIVE;
				CLANG_WARN_UNREACHABLE_CODE = YES;
				CLANG_WARN__DUPLICATE_METHOD_MATCH = YES;
				COPY_PHASE_STRIP = NO;
				DEBUG_INFORMATION_FORMAT = "dwarf-with-dsym";
				ENABLE_NS_ASSERTIONS = NO;
				ENABLE_STRICT_OBJC_MSGSEND = YES;
				ENABLE_USER_SCRIPT_SANDBOXING = YES;
				GCC_C_LANGUAGE_STANDARD = gnu17;
				GCC_NO_COMMON_BLOCKS = YES;
				GCC_WARN_64_TO_32_BIT_CONVERSION = YES;
				GCC_WARN_ABOUT_RETURN_TYPE = YES_ERROR;
				GCC_WARN_UNDECLARED_SELECTOR = YES;
				GCC_WARN_UNINITIALIZED_AUTOS = YES_AGGRESSIVE;
				GCC_WARN_UNUSED_FUNCTION = YES;
				GCC_WARN_UNUSED_VARIABLE = YES;
				IPHONEOS_DEPLOYMENT_TARGET = 18.2;
				LOCALIZATION_PREFERS_STRING_CATALOGS = YES;
				MTL_ENABLE_DEBUG_INFO = NO;
				MTL_FAST_MATH = YES;
				SDKROOT = iphoneos;
				SWIFT_COMPILATION_MODE = wholemodule;
				VALIDATE_PRODUCT = YES;
			};
			name = Release;
		};
		15F6C1AA2D1B97C500CDE701 /* Debug */ = {
			isa = XCBuildConfiguration;
			buildSettings = {
				ASSETCATALOG_COMPILER_APPICON_NAME = AppIcon;
				ASSETCATALOG_COMPILER_GLOBAL_ACCENT_COLOR_NAME = AccentColor;
				CODE_SIGN_ENTITLEMENTS = "Tala Shruti/Tala Shruti.entitlements";
				CODE_SIGN_IDENTITY = "Apple Development";
				CODE_SIGN_STYLE = Automatic;
				CURRENT_PROJECT_VERSION = 1;
				DEVELOPMENT_ASSET_PATHS = "\"Tala Shruti/Preview Content\"";
				DEVELOPMENT_TEAM = 6HJJ3USZX9;
				ENABLE_PREVIEWS = YES;
				GENERATE_INFOPLIST_FILE = YES;
				INFOPLIST_FILE = "Tala-Shruti-Info.plist";
				INFOPLIST_KEY_CFBundleDisplayName = "Tala Shruti";
				INFOPLIST_KEY_LSApplicationCategoryType = "public.app-category.music";
				INFOPLIST_KEY_NSMicrophoneUsageDescription = "Microphone access is required for the tuner to detect pitch";
				INFOPLIST_KEY_UIApplicationSceneManifest_Generation = YES;
				INFOPLIST_KEY_UIApplicationSupportsIndirectInputEvents = YES;
				INFOPLIST_KEY_UILaunchScreen_Generation = YES;
				INFOPLIST_KEY_UISupportedInterfaceOrientations = "UIInterfaceOrientationPortrait UIInterfaceOrientationPortraitUpsideDown";
				INFOPLIST_KEY_UISupportedInterfaceOrientations_iPad = "UIInterfaceOrientationPortrait UIInterfaceOrientationPortraitUpsideDown UIInterfaceOrientationLandscapeLeft UIInterfaceOrientationLandscapeRight";
				INFOPLIST_KEY_UISupportedInterfaceOrientations_iPhone = UIInterfaceOrientationPortrait;
				IPHONEOS_DEPLOYMENT_TARGET = 16.6;
				LD_RUNPATH_SEARCH_PATHS = (
					"$(inherited)",
					"@executable_path/Frameworks",
				);
				MARKETING_VERSION = 1.1.1;
				PRODUCT_BUNDLE_IDENTIFIER = "com.aaravj.tala-shruti";
				PRODUCT_NAME = "$(TARGET_NAME)";
				PROVISIONING_PROFILE_SPECIFIER = "";
				SWIFT_EMIT_LOC_STRINGS = YES;
				SWIFT_VERSION = 5.0;
				TARGETED_DEVICE_FAMILY = "1,2";
			};
			name = Debug;
		};
		15F6C1AB2D1B97C500CDE701 /* Release */ = {
			isa = XCBuildConfiguration;
			buildSettings = {
				ASSETCATALOG_COMPILER_APPICON_NAME = AppIcon;
				ASSETCATALOG_COMPILER_GLOBAL_ACCENT_COLOR_NAME = AccentColor;
				CODE_SIGN_ENTITLEMENTS = "Tala Shruti/Tala Shruti.entitlements";
				CODE_SIGN_IDENTITY = "Apple Development";
				CODE_SIGN_STYLE = Automatic;
				CURRENT_PROJECT_VERSION = 1;
				DEVELOPMENT_ASSET_PATHS = "\"Tala Shruti/Preview Content\"";
				DEVELOPMENT_TEAM = 6HJJ3USZX9;
				ENABLE_PREVIEWS = YES;
				GENERATE_INFOPLIST_FILE = YES;
				INFOPLIST_FILE = "Tala-Shruti-Info.plist";
				INFOPLIST_KEY_CFBundleDisplayName = "Tala Shruti";
				INFOPLIST_KEY_LSApplicationCategoryType = "public.app-category.music";
				INFOPLIST_KEY_NSMicrophoneUsageDescription = "Microphone access is required for the tuner to detect pitch";
				INFOPLIST_KEY_UIApplicationSceneManifest_Generation = YES;
				INFOPLIST_KEY_UIApplicationSupportsIndirectInputEvents = YES;
				INFOPLIST_KEY_UILaunchScreen_Generation = YES;
				INFOPLIST_KEY_UISupportedInterfaceOrientations = "UIInterfaceOrientationPortrait UIInterfaceOrientationPortraitUpsideDown";
				INFOPLIST_KEY_UISupportedInterfaceOrientations_iPad = "UIInterfaceOrientationPortrait UIInterfaceOrientationPortraitUpsideDown UIInterfaceOrientationLandscapeLeft UIInterfaceOrientationLandscapeRight";
				INFOPLIST_KEY_UISupportedInterfaceOrientations_iPhone = UIInterfaceOrientationPortrait;
				IPHONEOS_DEPLOYMENT_TARGET = 16.6;
				LD_RUNPATH_SEARCH_PATHS = (
					"$(inherited)",
					"@executable_path/Frameworks",
				);
				MARKETING_VERSION = 1.1.1;
				PRODUCT_BUNDLE_IDENTIFIER = "com.aaravj.tala-shruti";
				PRODUCT_NAME = "$(TARGET_NAME)";
				PROVISIONING_PROFILE_SPECIFIER = "";
				SWIFT_EMIT_LOC_STRINGS = YES;
				SWIFT_VERSION = 5.0;
				TARGETED_DEVICE_FAMILY = "1,2";
			};
			name = Release;
		};
		15F6C1AD2D1B97C500CDE701 /* Debug */ = {
			isa = XCBuildConfiguration;
			buildSettings = {
				BUNDLE_LOADER = "$(TEST_HOST)";
				CODE_SIGN_STYLE = Automatic;
				CURRENT_PROJECT_VERSION = 1;
				DEVELOPMENT_TEAM = WKZM7D6UUC;
				GENERATE_INFOPLIST_FILE = YES;
				IPHONEOS_DEPLOYMENT_TARGET = 18.2;
				MARKETING_VERSION = 1.0;
				PRODUCT_BUNDLE_IDENTIFIER = "me.ghostai.Tala-ShrutiTests";
				PRODUCT_NAME = "$(TARGET_NAME)";
				SWIFT_EMIT_LOC_STRINGS = NO;
				SWIFT_VERSION = 5.0;
				TARGETED_DEVICE_FAMILY = "1,2";
				TEST_HOST = "$(BUILT_PRODUCTS_DIR)/Tala Shruti.app/$(BUNDLE_EXECUTABLE_FOLDER_PATH)/Tala Shruti";
			};
			name = Debug;
		};
		15F6C1AE2D1B97C500CDE701 /* Release */ = {
			isa = XCBuildConfiguration;
			buildSettings = {
				BUNDLE_LOADER = "$(TEST_HOST)";
				CODE_SIGN_STYLE = Automatic;
				CURRENT_PROJECT_VERSION = 1;
				DEVELOPMENT_TEAM = WKZM7D6UUC;
				GENERATE_INFOPLIST_FILE = YES;
				IPHONEOS_DEPLOYMENT_TARGET = 18.2;
				MARKETING_VERSION = 1.0;
				PRODUCT_BUNDLE_IDENTIFIER = "me.ghostai.Tala-ShrutiTests";
				PRODUCT_NAME = "$(TARGET_NAME)";
				SWIFT_EMIT_LOC_STRINGS = NO;
				SWIFT_VERSION = 5.0;
				TARGETED_DEVICE_FAMILY = "1,2";
				TEST_HOST = "$(BUILT_PRODUCTS_DIR)/Tala Shruti.app/$(BUNDLE_EXECUTABLE_FOLDER_PATH)/Tala Shruti";
			};
			name = Release;
		};
		15F6C1B02D1B97C500CDE701 /* Debug */ = {
			isa = XCBuildConfiguration;
			buildSettings = {
				CODE_SIGN_STYLE = Automatic;
				CURRENT_PROJECT_VERSION = 1;
				DEVELOPMENT_TEAM = WKZM7D6UUC;
				GENERATE_INFOPLIST_FILE = YES;
				MARKETING_VERSION = 1.0;
				PRODUCT_BUNDLE_IDENTIFIER = "me.ghostai.Tala-ShrutiUITests";
				PRODUCT_NAME = "$(TARGET_NAME)";
				SWIFT_EMIT_LOC_STRINGS = NO;
				SWIFT_VERSION = 5.0;
				TARGETED_DEVICE_FAMILY = "1,2";
				TEST_TARGET_NAME = "Tala Shruti";
			};
			name = Debug;
		};
		15F6C1B12D1B97C500CDE701 /* Release */ = {
			isa = XCBuildConfiguration;
			buildSettings = {
				CODE_SIGN_STYLE = Automatic;
				CURRENT_PROJECT_VERSION = 1;
				DEVELOPMENT_TEAM = WKZM7D6UUC;
				GENERATE_INFOPLIST_FILE = YES;
				MARKETING_VERSION = 1.0;
				PRODUCT_BUNDLE_IDENTIFIER = "me.ghostai.Tala-ShrutiUITests";
				PRODUCT_NAME = "$(TARGET_NAME)";
				SWIFT_EMIT_LOC_STRINGS = NO;
				SWIFT_VERSION = 5.0;
				TARGETED_DEVICE_FAMILY = "1,2";
				TEST_TARGET_NAME = "Tala Shruti";
			};
			name = Release;
		};
/* End XCBuildConfiguration section */

/* Begin XCConfigurationList section */
		15F6C1802D1B97C300CDE701 /* Build configuration list for PBXProject "Tala Shruti" */ = {
			isa = XCConfigurationList;
			buildConfigurations = (
				15F6C1A72D1B97C500CDE701 /* Debug */,
				15F6C1A82D1B97C500CDE701 /* Release */,
			);
			defaultConfigurationIsVisible = 0;
			defaultConfigurationName = Release;
		};
		15F6C1A92D1B97C500CDE701 /* Build configuration list for PBXNativeTarget "Tala Shruti" */ = {
			isa = XCConfigurationList;
			buildConfigurations = (
				15F6C1AA2D1B97C500CDE701 /* Debug */,
				15F6C1AB2D1B97C500CDE701 /* Release */,
			);
			defaultConfigurationIsVisible = 0;
			defaultConfigurationName = Release;
		};
		15F6C1AC2D1B97C500CDE701 /* Build configuration list for PBXNativeTarget "Tala ShrutiTests" */ = {
			isa = XCConfigurationList;
			buildConfigurations = (
				15F6C1AD2D1B97C500CDE701 /* Debug */,
				15F6C1AE2D1B97C500CDE701 /* Release */,
			);
			defaultConfigurationIsVisible = 0;
			defaultConfigurationName = Release;
		};
		15F6C1AF2D1B97C500CDE701 /* Build configuration list for PBXNativeTarget "Tala ShrutiUITests" */ = {
			isa = XCConfigurationList;
			buildConfigurations = (
				15F6C1B02D1B97C500CDE701 /* Debug */,
				15F6C1B12D1B97C500CDE701 /* Release */,
			);
			defaultConfigurationIsVisible = 0;
			defaultConfigurationName = Release;
		};
/* End XCConfigurationList section */

/* Begin XCRemoteSwiftPackageReference section */
		152CB5EF2D263A8C000089AC /* XCRemoteSwiftPackageReference "AudioKit" */ = {
			isa = XCRemoteSwiftPackageReference;
			repositoryURL = "https://github.com/AudioKit/AudioKit";
			requirement = {
				kind = upToNextMajorVersion;
				minimumVersion = 5.6.4;
			};
		};
		152CB5F22D26407D000089AC /* XCRemoteSwiftPackageReference "SoundpipeAudioKit" */ = {
			isa = XCRemoteSwiftPackageReference;
			repositoryURL = "https://github.com/AudioKit/SoundpipeAudioKit";
			requirement = {
				kind = upToNextMajorVersion;
				minimumVersion = 5.6.1;
			};
		};
/* End XCRemoteSwiftPackageReference section */

/* Begin XCSwiftPackageProductDependency section */
		152CB5F02D263A8C000089AC /* AudioKit */ = {
			isa = XCSwiftPackageProductDependency;
			package = 152CB5EF2D263A8C000089AC /* XCRemoteSwiftPackageReference "AudioKit" */;
			productName = AudioKit;
		};
		152CB5F32D26407D000089AC /* SoundpipeAudioKit */ = {
			isa = XCSwiftPackageProductDependency;
			package = 152CB5F22D26407D000089AC /* XCRemoteSwiftPackageReference "SoundpipeAudioKit" */;
			productName = SoundpipeAudioKit;
		};
/* End XCSwiftPackageProductDependency section */
	};
	rootObject = 15F6C17D2D1B97C200CDE701 /* Project object */;
}
